
Microsoft Visual Studio Solution File, Format Version 12.00
# Visual Studio Version 17
VisualStudioVersion = 17.0.31903.59
MinimumVisualStudioVersion = 10.0.40219.1
Project("{2150E333-8FDC-42A3-9474-1A3956D46DE8}") = "src", "src", "{827E0CD3-B72D-47B6-A68D-7590B98EB39B}"
EndProject
Project("{FAE04EC0-301F-11D3-BF4B-00C04F79EFBC}") = "Portfolio.Domain", "src\Portfolio.Domain\Portfolio.Domain.csproj", "{F548D11A-F2DE-420E-8EFB-E07E3F43DAF8}"
EndProject
Project("{FAE04EC0-301F-11D3-BF4B-00C04F79EFBC}") = "Portfolio.Application", "src\Portfolio.Application\Portfolio.Application.csproj", "{8458F630-F8AF-4C12-BBD8-FB0704A36A34}"
EndProject
Project("{FAE04EC0-301F-11D3-BF4B-00C04F79EFBC}") = "Portfolio.Infrastructure", "src\Portfolio.Infrastructure\Portfolio.Infrastructure.csproj", "{0ECAE1C1-7739-4BD0-990E-6D0E31BF82DB}"
EndProject
Project("{FAE04EC0-301F-11D3-BF4B-00C04F79EFBC}") = "Portfolio.Api", "src\Portfolio.Api\Portfolio.Api.csproj", "{77308771-AEB8-4C03-A5E8-4A80B91BAB91}"
EndProject
Project("{FAE04EC0-301F-11D3-BF4B-00C04F79EFBC}") = "Portfolio.ServiceDefaults", "src\Portfolio.ServiceDefaults\Portfolio.ServiceDefaults.csproj", "{56F72D7F-83DB-4A34-A844-090AA83C6FF3}"
EndProject
Project("{2150E333-8FDC-42A3-9474-1A3956D46DE8}") = "tests", "tests", "{0AB3BF05-4346-4AA6-1389-037BE0695223}"
EndProject
Project("{FAE04EC0-301F-11D3-BF4B-00C04F79EFBC}") = "Portfolio.Application.Tests", "tests\Portfolio.Application.Tests\Portfolio.Application.Tests.csproj", "{CC84A863-3BC7-4316-8CBE-05A56F233B0D}"
EndProject
Project("{FAE04EC0-301F-11D3-BF4B-00C04F79EFBC}") = "Portfolio.Infrastructure.Tests", "tests\Portfolio.Infrastructure.Tests\Portfolio.Infrastructure.Tests.csproj", "{9F4A1455-C6DC-4FB8-B042-171F0B2AA7EF}"
EndProject
Project("{FAE04EC0-301F-11D3-BF4B-00C04F79EFBC}") = "Portfolio.Api.Tests", "tests\Portfolio.Api.Tests\Portfolio.Api.Tests.csproj", "{C0805078-D256-4B00-93FB-0451679D9100}"
EndProject
Global
	GlobalSection(SolutionConfigurationPlatforms) = preSolution
		Debug|Any CPU = Debug|Any CPU
		Debug|x64 = Debug|x64
		Debug|x86 = Debug|x86
		Release|Any CPU = Release|Any CPU
		Release|x64 = Release|x64
		Release|x86 = Release|x86
	EndGlobalSection
	GlobalSection(ProjectConfigurationPlatforms) = postSolution
		{F548D11A-F2DE-420E-8EFB-E07E3F43DAF8}.Debug|Any CPU.ActiveCfg = Debug|Any CPU
		{F548D11A-F2DE-420E-8EFB-E07E3F43DAF8}.Debug|Any CPU.Build.0 = Debug|Any CPU
		{F548D11A-F2DE-420E-8EFB-E07E3F43DAF8}.Debug|x64.ActiveCfg = Debug|Any CPU
		{F548D11A-F2DE-420E-8EFB-E07E3F43DAF8}.Debug|x64.Build.0 = Debug|Any CPU
		{F548D11A-F2DE-420E-8EFB-E07E3F43DAF8}.Debug|x86.ActiveCfg = Debug|Any CPU
		{F548D11A-F2DE-420E-8EFB-E07E3F43DAF8}.Debug|x86.Build.0 = Debug|Any CPU
		{F548D11A-F2DE-420E-8EFB-E07E3F43DAF8}.Release|Any CPU.ActiveCfg = Release|Any CPU
		{F548D11A-F2DE-420E-8EFB-E07E3F43DAF8}.Release|Any CPU.Build.0 = Release|Any CPU
		{F548D11A-F2DE-420E-8EFB-E07E3F43DAF8}.Release|x64.ActiveCfg = Release|Any CPU
		{F548D11A-F2DE-420E-8EFB-E07E3F43DAF8}.Release|x64.Build.0 = Release|Any CPU
		{F548D11A-F2DE-420E-8EFB-E07E3F43DAF8}.Release|x86.ActiveCfg = Release|Any CPU
		{F548D11A-F2DE-420E-8EFB-E07E3F43DAF8}.Release|x86.Build.0 = Release|Any CPU
		{8458F630-F8AF-4C12-BBD8-FB0704A36A34}.Debug|Any CPU.ActiveCfg = Debug|Any CPU
		{8458F630-F8AF-4C12-BBD8-FB0704A36A34}.Debug|Any CPU.Build.0 = Debug|Any CPU
		{8458F630-F8AF-4C12-BBD8-FB0704A36A34}.Debug|x64.ActiveCfg = Debug|Any CPU
		{8458F630-F8AF-4C12-BBD8-FB0704A36A34}.Debug|x64.Build.0 = Debug|Any CPU
		{8458F630-F8AF-4C12-BBD8-FB0704A36A34}.Debug|x86.ActiveCfg = Debug|Any CPU
		{8458F630-F8AF-4C12-BBD8-FB0704A36A34}.Debug|x86.Build.0 = Debug|Any CPU
		{8458F630-F8AF-4C12-BBD8-FB0704A36A34}.Release|Any CPU.ActiveCfg = Release|Any CPU
		{8458F630-F8AF-4C12-BBD8-FB0704A36A34}.Release|Any CPU.Build.0 = Release|Any CPU
		{8458F630-F8AF-4C12-BBD8-FB0704A36A34}.Release|x64.ActiveCfg = Release|Any CPU
		{8458F630-F8AF-4C12-BBD8-FB0704A36A34}.Release|x64.Build.0 = Release|Any CPU
		{8458F630-F8AF-4C12-BBD8-FB0704A36A34}.Release|x86.ActiveCfg = Release|Any CPU
		{8458F630-F8AF-4C12-BBD8-FB0704A36A34}.Release|x86.Build.0 = Release|Any CPU
		{0ECAE1C1-7739-4BD0-990E-6D0E31BF82DB}.Debug|Any CPU.ActiveCfg = Debug|Any CPU
		{0ECAE1C1-7739-4BD0-990E-6D0E31BF82DB}.Debug|Any CPU.Build.0 = Debug|Any CPU
		{0ECAE1C1-7739-4BD0-990E-6D0E31BF82DB}.Debug|x64.ActiveCfg = Debug|Any CPU
		{0ECAE1C1-7739-4BD0-990E-6D0E31BF82DB}.Debug|x64.Build.0 = Debug|Any CPU
		{0ECAE1C1-7739-4BD0-990E-6D0E31BF82DB}.Debug|x86.ActiveCfg = Debug|Any CPU
		{0ECAE1C1-7739-4BD0-990E-6D0E31BF82DB}.Debug|x86.Build.0 = Debug|Any CPU
		{0ECAE1C1-7739-4BD0-990E-6D0E31BF82DB}.Release|Any CPU.ActiveCfg = Release|Any CPU
		{0ECAE1C1-7739-4BD0-990E-6D0E31BF82DB}.Release|Any CPU.Build.0 = Release|Any CPU
		{0ECAE1C1-7739-4BD0-990E-6D0E31BF82DB}.Release|x64.ActiveCfg = Release|Any CPU
		{0ECAE1C1-7739-4BD0-990E-6D0E31BF82DB}.Release|x64.Build.0 = Release|Any CPU
		{0ECAE1C1-7739-4BD0-990E-6D0E31BF82DB}.Release|x86.ActiveCfg = Release|Any CPU
		{0ECAE1C1-7739-4BD0-990E-6D0E31BF82DB}.Release|x86.Build.0 = Release|Any CPU
		{77308771-AEB8-4C03-A5E8-4A80B91BAB91}.Debug|Any CPU.ActiveCfg = Debug|Any CPU
		{77308771-AEB8-4C03-A5E8-4A80B91BAB91}.Debug|Any CPU.Build.0 = Debug|Any CPU
		{77308771-AEB8-4C03-A5E8-4A80B91BAB91}.Debug|x64.ActiveCfg = Debug|Any CPU
		{77308771-AEB8-4C03-A5E8-4A80B91BAB91}.Debug|x64.Build.0 = Debug|Any CPU
		{77308771-AEB8-4C03-A5E8-4A80B91BAB91}.Debug|x86.ActiveCfg = Debug|Any CPU
		{77308771-AEB8-4C03-A5E8-4A80B91BAB91}.Debug|x86.Build.0 = Debug|Any CPU
		{77308771-AEB8-4C03-A5E8-4A80B91BAB91}.Release|Any CPU.ActiveCfg = Release|Any CPU
		{77308771-AEB8-4C03-A5E8-4A80B91BAB91}.Release|Any CPU.Build.0 = Release|Any CPU
		{77308771-AEB8-4C03-A5E8-4A80B91BAB91}.Release|x64.ActiveCfg = Release|Any CPU
		{77308771-AEB8-4C03-A5E8-4A80B91BAB91}.Release|x64.Build.0 = Release|Any CPU
		{77308771-AEB8-4C03-A5E8-4A80B91BAB91}.Release|x86.ActiveCfg = Release|Any CPU
		{77308771-AEB8-4C03-A5E8-4A80B91BAB91}.Release|x86.Build.0 = Release|Any CPU
		{56F72D7F-83DB-4A34-A844-090AA83C6FF3}.Debug|Any CPU.ActiveCfg = Debug|Any CPU
		{56F72D7F-83DB-4A34-A844-090AA83C6FF3}.Debug|Any CPU.Build.0 = Debug|Any CPU
		{56F72D7F-83DB-4A34-A844-090AA83C6FF3}.Debug|x64.ActiveCfg = Debug|Any CPU
		{56F72D7F-83DB-4A34-A844-090AA83C6FF3}.Debug|x64.Build.0 = Debug|Any CPU
		{56F72D7F-83DB-4A34-A844-090AA83C6FF3}.Debug|x86.ActiveCfg = Debug|Any CPU
		{56F72D7F-83DB-4A34-A844-090AA83C6FF3}.Debug|x86.Build.0 = Debug|Any CPU
		{56F72D7F-83DB-4A34-A844-090AA83C6FF3}.Release|Any CPU.ActiveCfg = Release|Any CPU
		{56F72D7F-83DB-4A34-A844-090AA83C6FF3}.Release|Any CPU.Build.0 = Release|Any CPU
		{56F72D7F-83DB-4A34-A844-090AA83C6FF3}.Release|x64.ActiveCfg = Release|Any CPU
		{56F72D7F-83DB-4A34-A844-090AA83C6FF3}.Release|x64.Build.0 = Release|Any CPU
		{56F72D7F-83DB-4A34-A844-090AA83C6FF3}.Release|x86.ActiveCfg = Release|Any CPU
		{56F72D7F-83DB-4A34-A844-090AA83C6FF3}.Release|x86.Build.0 = Release|Any CPU
		{CC84A863-3BC7-4316-8CBE-05A56F233B0D}.Debug|Any CPU.ActiveCfg = Debug|Any CPU
		{CC84A863-3BC7-4316-8CBE-05A56F233B0D}.Debug|Any CPU.Build.0 = Debug|Any CPU
		{CC84A863-3BC7-4316-8CBE-05A56F233B0D}.Debug|x64.ActiveCfg = Debug|Any CPU
		{CC84A863-3BC7-4316-8CBE-05A56F233B0D}.Debug|x64.Build.0 = Debug|Any CPU
		{CC84A863-3BC7-4316-8CBE-05A56F233B0D}.Debug|x86.ActiveCfg = Debug|Any CPU
		{CC84A863-3BC7-4316-8CBE-05A56F233B0D}.Debug|x86.Build.0 = Debug|Any CPU
		{CC84A863-3BC7-4316-8CBE-05A56F233B0D}.Release|Any CPU.ActiveCfg = Release|Any CPU
		{CC84A863-3BC7-4316-8CBE-05A56F233B0D}.Release|Any CPU.Build.0 = Release|Any CPU
		{CC84A863-3BC7-4316-8CBE-05A56F233B0D}.Release|x64.ActiveCfg = Release|Any CPU
		{CC84A863-3BC7-4316-8CBE-05A56F233B0D}.Release|x64.Build.0 = Release|Any CPU
		{CC84A863-3BC7-4316-8CBE-05A56F233B0D}.Release|x86.ActiveCfg = Release|Any CPU
		{CC84A863-3BC7-4316-8CBE-05A56F233B0D}.Release|x86.Build.0 = Release|Any CPU
		{9F4A1455-C6DC-4FB8-B042-171F0B2AA7EF}.Debug|Any CPU.ActiveCfg = Debug|Any CPU
		{9F4A1455-C6DC-4FB8-B042-171F0B2AA7EF}.Debug|Any CPU.Build.0 = Debug|Any CPU
		{9F4A1455-C6DC-4FB8-B042-171F0B2AA7EF}.Debug|x64.ActiveCfg = Debug|Any CPU
		{9F4A1455-C6DC-4FB8-B042-171F0B2AA7EF}.Debug|x64.Build.0 = Debug|Any CPU
		{9F4A1455-C6DC-4FB8-B042-171F0B2AA7EF}.Debug|x86.ActiveCfg = Debug|Any CPU
		{9F4A1455-C6DC-4FB8-B042-171F0B2AA7EF}.Debug|x86.Build.0 = Debug|Any CPU
		{9F4A1455-C6DC-4FB8-B042-171F0B2AA7EF}.Release|Any CPU.ActiveCfg = Release|Any CPU
		{9F4A1455-C6DC-4FB8-B042-171F0B2AA7EF}.Release|Any CPU.Build.0 = Release|Any CPU
		{9F4A1455-C6DC-4FB8-B042-171F0B2AA7EF}.Release|x64.ActiveCfg = Release|Any CPU
		{9F4A1455-C6DC-4FB8-B042-171F0B2AA7EF}.Release|x64.Build.0 = Release|Any CPU
		{9F4A1455-C6DC-4FB8-B042-171F0B2AA7EF}.Release|x86.ActiveCfg = Release|Any CPU
		{9F4A1455-C6DC-4FB8-B042-171F0B2AA7EF}.Release|x86.Build.0 = Release|Any CPU
		{C0805078-D256-4B00-93FB-0451679D9100}.Debug|Any CPU.ActiveCfg = Debug|Any CPU
		{C0805078-D256-4B00-93FB-0451679D9100}.Debug|Any CPU.Build.0 = Debug|Any CPU
		{C0805078-D256-4B00-93FB-0451679D9100}.Debug|x64.ActiveCfg = Debug|Any CPU
		{C0805078-D256-4B00-93FB-0451679D9100}.Debug|x64.Build.0 = Debug|Any CPU
		{C0805078-D256-4B00-93FB-0451679D9100}.Debug|x86.ActiveCfg = Debug|Any CPU
		{C0805078-D256-4B00-93FB-0451679D9100}.Debug|x86.Build.0 = Debug|Any CPU
		{C0805078-D256-4B00-93FB-0451679D9100}.Release|Any CPU.ActiveCfg = Release|Any CPU
		{C0805078-D256-4B00-93FB-0451679D9100}.Release|Any CPU.Build.0 = Release|Any CPU
		{C0805078-D256-4B00-93FB-0451679D9100}.Release|x64.ActiveCfg = Release|Any CPU
		{C0805078-D256-4B00-93FB-0451679D9100}.Release|x64.Build.0 = Release|Any CPU
		{C0805078-D256-4B00-93FB-0451679D9100}.Release|x86.ActiveCfg = Release|Any CPU
		{C0805078-D256-4B00-93FB-0451679D9100}.Release|x86.Build.0 = Release|Any CPU
	EndGlobalSection
	GlobalSection(SolutionProperties) = preSolution
		HideSolutionNode = FALSE
	EndGlobalSection
	GlobalSection(NestedProjects) = preSolution
		{F548D11A-F2DE-420E-8EFB-E07E3F43DAF8} = {827E0CD3-B72D-47B6-A68D-7590B98EB39B}
		{8458F630-F8AF-4C12-BBD8-FB0704A36A34} = {827E0CD3-B72D-47B6-A68D-7590B98EB39B}
		{0ECAE1C1-7739-4BD0-990E-6D0E31BF82DB} = {827E0CD3-B72D-47B6-A68D-7590B98EB39B}
		{77308771-AEB8-4C03-A5E8-4A80B91BAB91} = {827E0CD3-B72D-47B6-A68D-7590B98EB39B}
		{56F72D7F-83DB-4A34-A844-090AA83C6FF3} = {827E0CD3-B72D-47B6-A68D-7590B98EB39B}
		{CC84A863-3BC7-4316-8CBE-05A56F233B0D} = {0AB3BF05-4346-4AA6-1389-037BE0695223}
		{9F4A1455-C6DC-4FB8-B042-171F0B2AA7EF} = {0AB3BF05-4346-4AA6-1389-037BE0695223}
		{C0805078-D256-4B00-93FB-0451679D9100} = {0AB3BF05-4346-4AA6-1389-037BE0695223}
	EndGlobalSection
EndGlobal
